// !$*UTF8*$!
{
	archiveVersion = 1;
	classes = {
	};
	objectVersion = 46;
	objects = {

/* Begin PBXBuildFile section */
		F43C36311ECEE2920007D47A /* AppDelegate.swift in Sources */ = {isa = PBXBuildFile; fileRef = F43C36301ECEE2920007D47A /* AppDelegate.swift */; };
		F43C36331ECEE2920007D47A /* ViewController.swift in Sources */ = {isa = PBXBuildFile; fileRef = F43C36321ECEE2920007D47A /* ViewController.swift */; };
		F43C36361ECEE2920007D47A /* Main.storyboard in Resources */ = {isa = PBXBuildFile; fileRef = F43C36341ECEE2920007D47A /* Main.storyboard */; };
		F43C36381ECEE2920007D47A /* Assets.xcassets in Resources */ = {isa = PBXBuildFile; fileRef = F43C36371ECEE2920007D47A /* Assets.xcassets */; };
		F43C363B1ECEE2920007D47A /* LaunchScreen.storyboard in Resources */ = {isa = PBXBuildFile; fileRef = F43C36391ECEE2920007D47A /* LaunchScreen.storyboard */; };
/* End PBXBuildFile section */

/* Begin PBXFileReference section */
		F43C362D1ECEE2920007D47A /* Payment_System.app */ = {isa = PBXFileReference; explicitFileType = wrapper.application; includeInIndex = 0; path = Payment_System.app; sourceTree = BUILT_PRODUCTS_DIR; };
		F43C36301ECEE2920007D47A /* AppDelegate.swift */ = {isa = PBXFileReference; lastKnownFileType = sourcecode.swift; path = AppDelegate.swift; sourceTree = "<group>"; };
		F43C36321ECEE2920007D47A /* ViewController.swift */ = {isa = PBXFileReference; lastKnownFileType = sourcecode.swift; path = ViewController.swift; sourceTree = "<group>"; };
		F43C36351ECEE2920007D47A /* Base */ = {isa = PBXFileReference; lastKnownFileType = file.storyboard; name = Base; path = Base.lproj/Main.storyboard; sourceTree = "<group>"; };
		F43C36371ECEE2920007D47A /* Assets.xcassets */ = {isa = PBXFileReference; lastKnownFileType = folder.assetcatalog; path = Assets.xcassets; sourceTree = "<group>"; };
		F43C363A1ECEE2920007D47A /* Base */ = {isa = PBXFileReference; lastKnownFileType = file.storyboard; name = Base; path = Base.lproj/LaunchScreen.storyboard; sourceTree = "<group>"; };
		F43C363C1ECEE2920007D47A /* Info.plist */ = {isa = PBXFileReference; lastKnownFileType = text.plist.xml; path = Info.plist; sourceTree = "<group>"; };
/* End PBXFileReference section */

/* Begin PBXFrameworksBuildPhase section */
		F43C362A1ECEE2920007D47A /* Frameworks */ = {
			isa = PBXFrameworksBuildPhase;
			buildActionMask = 2147483647;
			files = (
			);
			runOnlyForDeploymentPostprocessing = 0;
		};
/* End PBXFrameworksBuildPhase section */

/* Begin PBXGroup section */
		F43C36241ECEE2910007D47A = {
			isa = PBXGroup;
			children = (
				F43C362F1ECEE2920007D47A /* Payment_System */,
				F43C362E1ECEE2920007D47A /* Products */,
			);
			sourceTree = "<group>";
		};
		F43C362E1ECEE2920007D47A /* Products */ = {
			isa = PBXGroup;
			children = (
				F43C362D1ECEE2920007D47A /* Payment_System.app */,
			);
			name = Products;
			sourceTree = "<group>";
		};
		F43C362F1ECEE2920007D47A /* Payment_System */ = {
			isa = PBXGroup;
			children = (
				F43C36301ECEE2920007D47A /* AppDelegate.swift */,
				F43C36321ECEE2920007D47A /* ViewController.swift */,
				F43C36341ECEE2920007D47A /* Main.storyboard */,
				F43C36371ECEE2920007D47A /* Assets.xcassets */,
				F43C36391ECEE2920007D47A /* LaunchScreen.storyboard */,
				F43C363C1ECEE2920007D47A /* Info.plist */,
			);
			path = Payment_System;
			sourceTree = "<group>";
		};
/* End PBXGroup section */

/* Begin PBXNativeTarget section */
		F43C362C1ECEE2920007D47A /* Payment_System */ = {
			isa = PBXNativeTarget;
			buildConfigurationList = F43C363F1ECEE2920007D47A /* Build configuration list for PBXNativeTarget "Payment_System" */;
			buildPhases = (
				F43C36291ECEE2920007D47A /* Sources */,
				F43C362A1ECEE2920007D47A /* Frameworks */,
				F43C362B1ECEE2920007D47A /* Resources */,
			);
			buildRules = (
			);
			dependencies = (
			);
			name = Payment_System;
			productName = Payment_System;
			productReference = F43C362D1ECEE2920007D47A /* Payment_System.app */;
			productType = "com.apple.product-type.application";
		};
/* End PBXNativeTarget section */

/* Begin PBXProject section */
		F43C36251ECEE2920007D47A /* Project object */ = {
			isa = PBXProject;
			attributes = {
				LastSwiftUpdateCheck = 0830;
				LastUpgradeCheck = 0830;
				ORGANIZATIONNAME = Iliyan;
				TargetAttributes = {
					F43C362C1ECEE2920007D47A = {
						CreatedOnToolsVersion = 8.3.2;
						ProvisioningStyle = Automatic;
					};
				};
			};
			buildConfigurationList = F43C36281ECEE2920007D47A /* Build configuration list for PBXProject "Payment_System" */;
			compatibilityVersion = "Xcode 3.2";
			developmentRegion = English;
			hasScannedForEncodings = 0;
			knownRegions = (
				en,
				Base,
			);
			mainGroup = F43C36241ECEE2910007D47A;
			productRefGroup = F43C362E1ECEE2920007D47A /* Products */;
			projectDirPath = "";
			projectRoot = "";
			targets = (
				F43C362C1ECEE2920007D47A /* Payment_System */,
			);
		};
/* End PBXProject section */

/* Begin PBXResourcesBuildPhase section */
		F43C362B1ECEE2920007D47A /* Resources */ = {
			isa = PBXResourcesBuildPhase;
			buildActionMask = 2147483647;
			files = (
				F43C363B1ECEE2920007D47A /* LaunchScreen.storyboard in Resources */,
				F43C36381ECEE2920007D47A /* Assets.xcassets in Resources */,
				F43C36361ECEE2920007D47A /* Main.storyboard in Resources */,
			);
			runOnlyForDeploymentPostprocessing = 0;
		};
/* End PBXResourcesBuildPhase section */

/* Begin PBXSourcesBuildPhase section */
		F43C36291ECEE2920007D47A /* Sources */ = {
			isa = PBXSourcesBuildPhase;
			buildActionMask = 2147483647;
			files = (
				F43C36331ECEE2920007D47A /* ViewController.swift in Sources */,
				F43C36311ECEE2920007D47A /* AppDelegate.swift in Sources */,
			);
			runOnlyForDeploymentPostprocessing = 0;
		};
/* End PBXSourcesBuildPhase section */

/* Begin PBXVariantGroup section */
		F43C36341ECEE2920007D47A /* Main.storyboard */ = {
			isa = PBXVariantGroup;
			children = (
				F43C36351ECEE2920007D47A /* Base */,
			);
			name = Main.storyboard;
			sourceTree = "<group>";
		};
		F43C36391ECEE2920007D47A /* LaunchScreen.storyboard */ = {
			isa = PBXVariantGroup;
			children = (
				F43C363A1ECEE2920007D47A /* Base */,
			);
			name = LaunchScreen.storyboard;
			sourceTree = "<group>";
		};
/* End PBXVariantGroup section */

/* Begin XCBuildConfiguration section */
		F43C363D1ECEE2920007D47A /* Debug */ = {
			isa = XCBuildConfiguration;
			buildSettings = {
				ALWAYS_SEARCH_USER_PATHS = NO;
				CLANG_ANALYZER_NONNULL = YES;
				CLANG_ANALYZER_NUMBER_OBJECT_CONVERSION = YES_AGGRESSIVE;
				CLANG_CXX_LANGUAGE_STANDARD = "gnu++0x";
				CLANG_CXX_LIBRARY = "libc++";
				CLANG_ENABLE_MODULES = YES;
				CLANG_ENABLE_OBJC_ARC = YES;
				CLANG_WARN_BOOL_CONVERSION = YES;
				CLANG_WARN_CONSTANT_CONVERSION = YES;
				CLANG_WARN_DIRECT_OBJC_ISA_USAGE = YES_ERROR;
				CLANG_WARN_DOCUMENTATION_COMMENTS = YES;
				CLANG_WARN_EMPTY_BODY = YES;
				CLANG_WARN_ENUM_CONVERSION = YES;
				CLANG_WARN_INFINITE_RECURSION = YES;
				CLANG_WARN_INT_CONVERSION = YES;
				CLANG_WARN_OBJC_ROOT_CLASS = YES_ERROR;
				CLANG_WARN_SUSPICIOUS_MOVE = YES;
				CLANG_WARN_UNREACHABLE_CODE = YES;
				CLANG_WARN__DUPLICATE_METHOD_MATCH = YES;
				"CODE_SIGN_IDENTITY[sdk=iphoneos*]" = "iPhone Developer";
				COPY_PHASE_STRIP = NO;
				DEBUG_INFORMATION_FORMAT = dwarf;
				ENABLE_STRICT_OBJC_MSGSEND = YES;
				ENABLE_TESTABILITY = YES;
				GCC_C_LANGUAGE_STANDARD = gnu99;
				GCC_DYNAMIC_NO_PIC = NO;
				GCC_NO_COMMON_BLOCKS = YES;
				GCC_OPTIMIZATION_LEVEL = 0;
				GCC_PREPROCESSOR_DEFINITIONS = (
					"DEBUG=1",
					"$(inherited)",
				);
				GCC_WARN_64_TO_32_BIT_CONVERSION = YES;
				GCC_WARN_ABOUT_RETURN_TYPE = YES_ERROR;
				GCC_WARN_UNDECLARED_SELECTOR = YES;
				GCC_WARN_UNINITIALIZED_AUTOS = YES_AGGRESSIVE;
				GCC_WARN_UNUSED_FUNCTION = YES;
				GCC_WARN_UNUSED_VARIABLE = YES;
				IPHONEOS_DEPLOYMENT_TARGET = 10.3;
				MTL_ENABLE_DEBUG_INFO = YES;
				ONLY_ACTIVE_ARCH = YES;
				SDKROOT = iphoneos;
				SWIFT_ACTIVE_COMPILATION_CONDITIONS = DEBUG;
				SWIFT_OPTIMIZATION_LEVEL = "-Onone";
				TARGETED_DEVICE_FAMILY = "1,2";
			};
			name = Debug;
		};
		F43C363E1ECEE2920007D47A /* Release */ = {
			isa = XCBuildConfiguration;
			buildSettings = {
				ALWAYS_SEARCH_USER_PATHS = NO;
				CLANG_ANALYZER_NONNULL = YES;
				CLANG_ANALYZER_NUMBER_OBJECT_CONVERSION = YES_AGGRESSIVE;
				CLANG_CXX_LANGUAGE_STANDARD = "gnu++0x";
				CLANG_CXX_LIBRARY = "libc++";
				CLANG_ENABLE_MODULES = YES;
				CLANG_ENABLE_OBJC_ARC = YES;
				CLANG_WARN_BOOL_CONVERSION = YES;
				CLANG_WARN_CONSTANT_CONVERSION = YES;
				CLANG_WARN_DIRECT_OBJC_ISA_USAGE = YES_ERROR;
				CLANG_WARN_DOCUMENTATION_COMMENTS = YES;
				CLANG_WARN_EMPTY_BODY = YES;
				CLANG_WARN_ENUM_CONVERSION = YES;
				CLANG_WARN_INFINITE_RECURSION = YES;
				CLANG_WARN_INT_CONVERSION = YES;
				CLANG_WARN_OBJC_ROOT_CLASS = YES_ERROR;
				CLANG_WARN_SUSPICIOUS_MOVE = YES;
				CLANG_WARN_UNREACHABLE_CODE = YES;
				CLANG_WARN__DUPLICATE_METHOD_MATCH = YES;
				"CODE_SIGN_IDENTITY[sdk=iphoneos*]" = "iPhone Developer";
				COPY_PHASE_STRIP = NO;
				DEBUG_INFORMATION_FORMAT = "dwarf-with-dsym";
				ENABLE_NS_ASSERTIONS = NO;
				ENABLE_STRICT_OBJC_MSGSEND = YES;
				GCC_C_LANGUAGE_STANDARD = gnu99;
				GCC_NO_COMMON_BLOCKS = YES;
				GCC_WARN_64_TO_32_BIT_CONVERSION = YES;
				GCC_WARN_ABOUT_RETURN_TYPE = YES_ERROR;
				GCC_WARN_UNDECLARED_SELECTOR = YES;
				GCC_WARN_UNINITIALIZED_AUTOS = YES_AGGRESSIVE;
				GCC_WARN_UNUSED_FUNCTION = YES;
				GCC_WARN_UNUSED_VARIABLE = YES;
				IPHONEOS_DEPLOYMENT_TARGET = 10.3;
				MTL_ENABLE_DEBUG_INFO = NO;
				SDKROOT = iphoneos;
				SWIFT_OPTIMIZATION_LEVEL = "-Owholemodule";
				TARGETED_DEVICE_FAMILY = "1,2";
				VALIDATE_PRODUCT = YES;
			};
			name = Release;
		};
		F43C36401ECEE2920007D47A /* Debug */ = {
			isa = XCBuildConfiguration;
			buildSettings = {
				ASSETCATALOG_COMPILER_APPICON_NAME = AppIcon;
				INFOPLIST_FILE = Payment_System/Info.plist;
				LD_RUNPATH_SEARCH_PATHS = "$(inherited) @executable_path/Frameworks";
				PRODUCT_BUNDLE_IDENTIFIER = "elando.Payment-System";
				PRODUCT_NAME = "$(TARGET_NAME)";
				SWIFT_VERSION = 3.0;
			};
			name = Debug;
		};
		F43C36411ECEE2920007D47A /* Release */ = {
			isa = XCBuildConfiguration;
			buildSettings = {
				ASSETCATALOG_COMPILER_APPICON_NAME = AppIcon;
				INFOPLIST_FILE = Payment_System/Info.plist;
				LD_RUNPATH_SEARCH_PATHS = "$(inherited) @executable_path/Frameworks";
				PRODUCT_BUNDLE_IDENTIFIER = "elando.Payment-System";
				PRODUCT_NAME = "$(TARGET_NAME)";
				SWIFT_VERSION = 3.0;
			};
			name = Release;
		};
/* End XCBuildConfiguration section */

/* Begin XCConfigurationList section */
		F43C36281ECEE2920007D47A /* Build configuration list for PBXProject "Payment_System" */ = {
			isa = XCConfigurationList;
			buildConfigurations = (
				F43C363D1ECEE2920007D47A /* Debug */,
				F43C363E1ECEE2920007D47A /* Release */,
			);
			defaultConfigurationIsVisible = 0;
			defaultConfigurationName = Release;
		};
		F43C363F1ECEE2920007D47A /* Build configuration list for PBXNativeTarget "Payment_System" */ = {
			isa = XCConfigurationList;
			buildConfigurations = (
				F43C36401ECEE2920007D47A /* Debug */,
				F43C36411ECEE2920007D47A /* Release */,
			);
			defaultConfigurationIsVisible = 0;
		};
/* End XCConfigurationList section */
	};
	rootObject = F43C36251ECEE2920007D47A /* Project object */;
}
